
Microsoft Visual Studio Solution File, Format Version 12.00
# Visual Studio Version 17
VisualStudioVersion = 17.5.33530.505
MinimumVisualStudioVersion = 10.0.40219.1
Project("{FAE04EC0-301F-11D3-BF4B-00C04F79EFBC}") = "WinForms.Exercise", "WinForms.Exercise\WinForms.Exercise.csproj", "{15DDA9F1-E266-436F-967B-F56F14E3061E}"
EndProject
Global
	GlobalSection(SolutionConfigurationPlatforms) = preSolution
		Debug|Any CPU = Debug|Any CPU
		Release|Any CPU = Release|Any CPU
	EndGlobalSection
	GlobalSection(ProjectConfigurationPlatforms) = postSolution
		{15DDA9F1-E266-436F-967B-F56F14E3061E}.Debug|Any CPU.ActiveCfg = Debug|Any CPU
		{15DDA9F1-E266-436F-967B-F56F14E3061E}.Debug|Any CPU.Build.0 = Debug|Any CPU
		{15DDA9F1-E266-436F-967B-F56F14E3061E}.Release|Any CPU.ActiveCfg = Release|Any CPU
		{15DDA9F1-E266-436F-967B-F56F14E3061E}.Release|Any CPU.Build.0 = Release|Any CPU
	EndGlobalSection
	GlobalSection(SolutionProperties) = preSolution
		HideSolutionNode = FALSE
	EndGlobalSection
	GlobalSection(ExtensibilityGlobals) = postSolution
		SolutionGuid = {326A36DC-496C-4D9F-BDCE-ABAE5E7C6DB2}
	EndGlobalSection
EndGlobal
